
Microsoft Visual Studio Solution File, Format Version 12.00
# Visual Studio Version 17
VisualStudioVersion = 17.14.36511.14
MinimumVisualStudioVersion = 10.0.40219.1
Project("{FAE04EC0-301F-11D3-BF4B-00C04F79EFBC}") = "OutlookAddIn", "OutlookAddIn\OutlookAddIn.csproj", "{BB48269C-DF23-429B-AB10-8677B6234900}"
EndProject
Project("{FAE04EC0-301F-11D3-BF4B-00C04F79EFBC}") = "SmartOffice.Hub", "..\SmartOffice.Hub\SmartOffice.Hub.csproj", "{8795CC6B-174F-4B74-B7F2-B4E77020C0C9}"
EndProject
Project("{FAE04EC0-301F-11D3-BF4B-00C04F79EFBC}") = "SmartOffice.Hub.Contracts", "..\SmartOffice.Hub\SmartOffice.Hub.Contracts\SmartOffice.Hub.Contracts.csproj", "{3A6083E7-2EF4-4F89-8D58-5AE7162BE5C4}"
EndProject
Global
	GlobalSection(SolutionConfigurationPlatforms) = preSolution
		Debug|Any CPU = Debug|Any CPU
		Release|Any CPU = Release|Any CPU
	EndGlobalSection
	GlobalSection(ProjectConfigurationPlatforms) = postSolution
		{BB48269C-DF23-429B-AB10-8677B6234900}.Debug|Any CPU.ActiveCfg = Debug|Any CPU
		{BB48269C-DF23-429B-AB10-8677B6234900}.Debug|Any CPU.Build.0 = Debug|Any CPU
		{BB48269C-DF23-429B-AB10-8677B6234900}.Release|Any CPU.ActiveCfg = Release|Any CPU
		{BB48269C-DF23-429B-AB10-8677B6234900}.Release|Any CPU.Build.0 = Release|Any CPU
		{8795CC6B-174F-4B74-B7F2-B4E77020C0C9}.Debug|Any CPU.ActiveCfg = Debug|Any CPU
		{8795CC6B-174F-4B74-B7F2-B4E77020C0C9}.Debug|Any CPU.Build.0 = Debug|Any CPU
		{8795CC6B-174F-4B74-B7F2-B4E77020C0C9}.Release|Any CPU.ActiveCfg = Release|Any CPU
		{8795CC6B-174F-4B74-B7F2-B4E77020C0C9}.Release|Any CPU.Build.0 = Release|Any CPU
		{3A6083E7-2EF4-4F89-8D58-5AE7162BE5C4}.Debug|Any CPU.ActiveCfg = Debug|Any CPU
		{3A6083E7-2EF4-4F89-8D58-5AE7162BE5C4}.Debug|Any CPU.Build.0 = Debug|Any CPU
		{3A6083E7-2EF4-4F89-8D58-5AE7162BE5C4}.Release|Any CPU.ActiveCfg = Release|Any CPU
		{3A6083E7-2EF4-4F89-8D58-5AE7162BE5C4}.Release|Any CPU.Build.0 = Release|Any CPU
	EndGlobalSection
	GlobalSection(SolutionProperties) = preSolution
		HideSolutionNode = FALSE
	EndGlobalSection
	GlobalSection(ExtensibilityGlobals) = postSolution
		SolutionGuid = {69928178-D4F2-4FD7-854C-B77B5BCD9FF9}
	EndGlobalSection
EndGlobal
